{
  "lockfileVersion": 1,
  "configVersion": 1,
  "workspaces": {
    "": {
      "dependencies": {
        "convert": "^7.0.0",
      },
    },
  },
  "packages": {
    "convert": ["convert@7.0.0", "", {}, "sha512-Sc8P9MeZBPtaAG/hiSYO28LvVjEDfP+iecvP1nvhJxvXcS3d9WQJIQma9XMPRwIWPifA2X8epIR9zbLxJPrT8w=="],
  }
}
